hash: 7adc7de9d34ef78e28e898a3d52db0a5ec9352154fb151240640d95567c17b82
updated: 2017-07-05T16:33:43.291820049+09:00
imports:
- name: github.com/cjoudrey/gluahttp
  version: b4bfe0c50fea948dcbf3966e120996d6607bbd89
- name: github.com/kballard/go-shellquote
  version: cd60e84ee657ff3dc51de0b4f55dd299a3e136f2
- name: github.com/kohkimakimoto/gluaenv
  version: 2888db6bbe38923d59c42e443895875cc8ce0820
- name: github.com/kohkimakimoto/gluafs
  version: 01391ed2d7ab89dc80157605b073403f960aa223
- name: github.com/kohkimakimoto/gluatemplate
  version: d9e2c9d6b00f069a9da377a9ac529c827c1c7d71
- name: github.com/kohkimakimoto/gluayaml
  version: 6fe413d49d73d785510ecf1529991ab0573e96c7
- name: github.com/mattn/go-shellwords
  version: 02e3cf038dcea8290e44424da473dd12be796a8a
- name: github.com/otm/gluash
  version: e145c563986f0b91f740a758a84bca46c163aec7
- name: github.com/Songmu/wrapcommander
  version: 4888652de0bfef31e500e8f4e0831e8ae9ecaa85
- name: github.com/urfave/cli
  version: b892ba3809cd07fcf2b064e166b0c2e16e0147bd
- name: github.com/yookoala/realpath
  version: c416d99ab5ed256fa30c1f3bab73152deb59bb69
- name: github.com/yuin/gluare
  version: d7c94f1a80ede93a621ed100866e6d4745ca8c22
- name: github.com/yuin/gopher-lua
  version: 2243d714d6c94951d8ccca8c851836ff47d401c9
  subpackages:
  - ast
  - parse
  - pm
- name: golang.org/x/net
  version: 570fa1c91359c1869590e9cedf3b53162a51a167
  subpackages:
  - context
- name: gopkg.in/yaml.v2
  version: cd8b52f8269e0feb286dfeef29f8fe4d5b397e0b
- name: layeh.com/gopher-json
  version: c128cc74278be889c4381681712931976fe0d88b
testImports: []
