github.com/Songmu/wrapcommander v0.1.0 h1:y8/yk9/PHT983weH+ehZIOJ7JtwAlI1AkfUpUNCj1SY=
github.com/Songmu/wrapcommander v0.1.0/go.mod h1:EC2y4OnN8PkdMnaCwcSzItewq+f0yqUvS30kcS4vmn0=
github.com/chzyer/logex v1.1.10/go.mod h1:+Ywpsq7O8HXn0nuIou7OrIPyXbp3wmkHB+jjWRnGsAI=
github.com/chzyer/readline v0.0.0-20180603132655-2972be24d48e/go.mod h1:nSuG5e5PlCu98SY8svDHJxuZscDgtXS6KTTbou5AhLI=
github.com/chzyer/test v0.0.0-20180213035817-a1ea475d72b1/go.mod h1:Q3SI9o4m/ZMnBNeIyt5eFwwo7qiLfzFZmjNmxjkiQlU=
github.com/cjoudrey/gluahttp v0.0.0-20190104103309-101c19a37344 h1:nTK6O2RY1nHC4jNEJd1nixVP7ygY3QE4CNxCX07dHKU=
github.com/cjoudrey/gluahttp v0.0.0-20190104103309-101c19a37344/go.mod h1:X97UjDTXp+7bayQSFZk2hPvCTmTZIicUjZQRtkwgAKY=
github.com/kballard/go-shellquote v0.0.0-20180428030007-95032a82bc51 h1:Z9n2FFNUXsshfwJMBgNA0RU6/i7WVaAegv3PtuIHPMs=
github.com/kballard/go-shellquote v0.0.0-20180428030007-95032a82bc51/go.mod h1:CzGEWj7cYgsdH8dAjBGEr58BoE7ScuLd+fwFZ44+/x8=
github.com/kohkimakimoto/gluaenv v0.0.0-20160815032729-2888db6bbe38 h1:biwbB8L9cu79c7DxV925AKHh0lg+cr3Gk6QNbv1pF0E=
github.com/kohkimakimoto/gluaenv v0.0.0-20160815032729-2888db6bbe38/go.mod h1:lkO/BmfZkRNgMaKcN5CvXaYM/UCM0W5HQdTJ4SXMLXc=
github.com/kohkimakimoto/gluafs v0.0.0-20160815050327-01391ed2d7ab h1:GgLRYIeDQ+bs9x0SqTzpFpqg6T1t3DdBD3fvCv8C+5M=
github.com/kohkimakimoto/gluafs v0.0.0-20160815050327-01391ed2d7ab/go.mod h1:75b63yPNyj5bw+igUVUTKevXzpZNb+sKROvhgD6tVu4=
github.com/kohkimakimoto/gluatemplate v0.0.0-20160815033744-d9e2c9d6b00f h1:CXJzfe/zhkWjXLAZItKA4BPHo4d8Fh7Hc4gqcLVyrWQ=
github.com/kohkimakimoto/gluatemplate v0.0.0-20160815033744-d9e2c9d6b00f/go.mod h1:mepZlGlueX0FYzgC3KQMEuBBQuaAvdp8RUY+ZEe2fbI=
github.com/kohkimakimoto/gluayaml v0.0.0-20160815032708-6fe413d49d73 h1:e2UU76WBjv6W0QUuPHe2QfSAXLR1kouek1fcSUtnSrk=
github.com/kohkimakimoto/gluayaml v0.0.0-20160815032708-6fe413d49d73/go.mod h1:I+YgUp/uc0hF+H4RuQjR+uzDJNjUz7Sm21e63UCLWWQ=
github.com/otm/gluash v0.0.0-20151226163409-e145c563986f h1:+gQ2hneEnD00TaMTBYNkOIHt5pOVLA+mvCbXYj2uoNc=
github.com/otm/gluash v0.0.0-20151226163409-e145c563986f/go.mod h1:hOW70qJVUnf+EYK21e44kaJDMTJWXkvyodn7JMBS31Y=
github.com/yookoala/realpath v1.0.0 h1:7OA9pj4FZd+oZDsyvXWQvjn5oBdcHRTV44PpdMSuImQ=
github.com/yookoala/realpath v1.0.0/go.mod h1:gJJMA9wuX7AcqLy1+ffPatSCySA1FQ2S8Ya9AIoYBpE=
github.com/yuin/gluare v0.0.0-20170607022532-d7c94f1a80ed h1:I1vcLHWU9m30rA90rMrKPu0eD3NDA4FBlkB8WMaDyUw=
github.com/yuin/gluare v0.0.0-20170607022532-d7c94f1a80ed/go.mod h1:9w6KSdZh23UWqOywWsRLUcJUrUNjRh4Ql3z9uVgnSP4=
github.com/yuin/gopher-lua v0.0.0-20191213034115-f46add6fdb5c h1:RCby8AaF+weuP1M+nwMQ4uQYO2shgD6UFAKvnXszwTw=
github.com/yuin/gopher-lua v0.0.0-20191213034115-f46add6fdb5c/go.mod h1:gqRgreBUhTSL0GeU64rtZ3Uq3wtjOa/TB2YfrtkCbVQ=
golang.org/x/sys v0.0.0-20190204203706-41f3e6584952 h1:FDfvYgoVsA7TTZSbgiqjAbfPbK47CNHdWl3h/PJtii0=
golang.org/x/sys v0.0.0-20190204203706-41f3e6584952/go.mod h1:STP8DvDyc/dI5b8T5hshtkjS+E42TnysNCUPdjciGhY=
gopkg.in/check.v1 v0.0.0-20161208181325-20d25e280405 h1:yhCVgyC4o1eVCa2tZl7eS0r+SDo693bJlVdllGtEeKM=
gopkg.in/check.v1 v0.0.0-20161208181325-20d25e280405/go.mod h1:Co6ibVJAznAaIkqp8huTwlJQCZ016jof/cbN4VW5Yz0=
gopkg.in/yaml.v2 v2.2.2 h1:ZCJp+EgiOT7lHqUV2J862kp8Qj64Jo6az82+3Td9dZw=
gopkg.in/yaml.v2 v2.2.2/go.mod h1:hI93XBmqTisBFMUTm0b8Fm+jr3Dg1NNxqwp+5A1VGuI=
layeh.com/gopher-json v0.0.0-20190114024228-97fed8db8427 h1:RZkKxMR3jbQxdCEcglq3j7wY3PRJIopAwBlx1RE71X0=
layeh.com/gopher-json v0.0.0-20190114024228-97fed8db8427/go.mod h1:ivKkcY8Zxw5ba0jldhZCYYQfGdb2K6u9tbYK1AwMIBc=
